
Microsoft Visual Studio Solution File, Format Version 12.00
# Visual Studio Version 17
VisualStudioVersion = 17.7.34024.191
MinimumVisualStudioVersion = 10.0.40219.1
Project("{FAE04EC0-301F-11D3-BF4B-00C04F79EFBC}") = "salonlardapper", "salonlardapper\salonlardapper.csproj", "{74B23B15-97D1-4D1C-848A-7E00E9ED3C8E}"
EndProject
Global
	GlobalSection(SolutionConfigurationPlatforms) = preSolution
		Debug|Any CPU = Debug|Any CPU
		Release|Any CPU = Release|Any CPU
	EndGlobalSection
	GlobalSection(ProjectConfigurationPlatforms) = postSolution
		{74B23B15-97D1-4D1C-848A-7E00E9ED3C8E}.Debug|Any CPU.ActiveCfg = Debug|Any CPU
		{74B23B15-97D1-4D1C-848A-7E00E9ED3C8E}.Debug|Any CPU.Build.0 = Debug|Any CPU
		{74B23B15-97D1-4D1C-848A-7E00E9ED3C8E}.Release|Any CPU.ActiveCfg = Release|Any CPU
		{74B23B15-97D1-4D1C-848A-7E00E9ED3C8E}.Release|Any CPU.Build.0 = Release|Any CPU
	EndGlobalSection
	GlobalSection(SolutionProperties) = preSolution
		HideSolutionNode = FALSE
	EndGlobalSection
	GlobalSection(ExtensibilityGlobals) = postSolution
		SolutionGuid = {632A1262-0563-4D99-AD40-ABF1BAE0C602}
	EndGlobalSection
EndGlobal
